
Microsoft Visual Studio Solution File, Format Version 12.00
# Visual Studio Version 17
VisualStudioVersion = 17.5.33530.505
MinimumVisualStudioVersion = 10.0.40219.1
Project("{9A19103F-16F7-4668-BE54-9A1E7A4F7556}") = "AdvertisementApp.Common", "AdvertisementApp.Common\AdvertisementApp.Common.csproj", "{A983FBE8-57D6-45B3-BD3A-04FC35A1BAFC}"
EndProject
Project("{9A19103F-16F7-4668-BE54-9A1E7A4F7556}") = "AdvertisementApp.Entities", "AdvertisementApp.Entities\AdvertisementApp.Entities.csproj", "{B5C6D111-7B76-4680-BB0F-A8041E95A1F7}"
EndProject
Project("{FAE04EC0-301F-11D3-BF4B-00C04F79EFBC}") = "Advertisement.DataAccess", "Advertisement.DataAccess\Advertisement.DataAccess.csproj", "{DD9B7EA0-EB1E-4D23-9EFF-31958A4A964B}"
EndProject
Global
	GlobalSection(SolutionConfigurationPlatforms) = preSolution
		Debug|Any CPU = Debug|Any CPU
		Release|Any CPU = Release|Any CPU
	EndGlobalSection
	GlobalSection(ProjectConfigurationPlatforms) = postSolution
		{A983FBE8-57D6-45B3-BD3A-04FC35A1BAFC}.Debug|Any CPU.ActiveCfg = Debug|Any CPU
		{A983FBE8-57D6-45B3-BD3A-04FC35A1BAFC}.Debug|Any CPU.Build.0 = Debug|Any CPU
		{A983FBE8-57D6-45B3-BD3A-04FC35A1BAFC}.Release|Any CPU.ActiveCfg = Release|Any CPU
		{A983FBE8-57D6-45B3-BD3A-04FC35A1BAFC}.Release|Any CPU.Build.0 = Release|Any CPU
		{B5C6D111-7B76-4680-BB0F-A8041E95A1F7}.Debug|Any CPU.ActiveCfg = Debug|Any CPU
		{B5C6D111-7B76-4680-BB0F-A8041E95A1F7}.Debug|Any CPU.Build.0 = Debug|Any CPU
		{B5C6D111-7B76-4680-BB0F-A8041E95A1F7}.Release|Any CPU.ActiveCfg = Release|Any CPU
		{B5C6D111-7B76-4680-BB0F-A8041E95A1F7}.Release|Any CPU.Build.0 = Release|Any CPU
		{DD9B7EA0-EB1E-4D23-9EFF-31958A4A964B}.Debug|Any CPU.ActiveCfg = Debug|Any CPU
		{DD9B7EA0-EB1E-4D23-9EFF-31958A4A964B}.Debug|Any CPU.Build.0 = Debug|Any CPU
		{DD9B7EA0-EB1E-4D23-9EFF-31958A4A964B}.Release|Any CPU.ActiveCfg = Release|Any CPU
		{DD9B7EA0-EB1E-4D23-9EFF-31958A4A964B}.Release|Any CPU.Build.0 = Release|Any CPU
	EndGlobalSection
	GlobalSection(SolutionProperties) = preSolution
		HideSolutionNode = FALSE
	EndGlobalSection
	GlobalSection(ExtensibilityGlobals) = postSolution
		SolutionGuid = {69BB531C-354D-48A3-A611-FD4B1CB9CB1D}
	EndGlobalSection
EndGlobal
